
Microsoft Visual Studio Solution File, Format Version 12.00
# Visual Studio 14
VisualStudioVersion = 14.0.25420.1
MinimumVisualStudioVersion = 10.0.40219.1
Project("{FAE04EC0-301F-11D3-BF4B-00C04F79EFBC}") = "Biblioteca", "Biblioteca\Biblioteca.csproj", "{42FDCCCB-67B7-4C31-AF62-32C68AC750DB}"
EndProject
Project("{FAE04EC0-301F-11D3-BF4B-00C04F79EFBC}") = "Pruebas", "Pruebas\Pruebas.csproj", "{1145A760-F4C0-4986-A585-95E195CA8373}"
EndProject
Project("{FAE04EC0-301F-11D3-BF4B-00C04F79EFBC}") = "Vista", "Vista\Vista.csproj", "{278BA207-446E-4CDE-8F2D-FFEFDE93AEEA}"
EndProject
Global
	GlobalSection(SolutionConfigurationPlatforms) = preSolution
		Debug|Any CPU = Debug|Any CPU
		Release|Any CPU = Release|Any CPU
	EndGlobalSection
	GlobalSection(ProjectConfigurationPlatforms) = postSolution
		{42FDCCCB-67B7-4C31-AF62-32C68AC750DB}.Debug|Any CPU.ActiveCfg = Debug|Any CPU
		{42FDCCCB-67B7-4C31-AF62-32C68AC750DB}.Debug|Any CPU.Build.0 = Debug|Any CPU
		{42FDCCCB-67B7-4C31-AF62-32C68AC750DB}.Release|Any CPU.ActiveCfg = Release|Any CPU
		{42FDCCCB-67B7-4C31-AF62-32C68AC750DB}.Release|Any CPU.Build.0 = Release|Any CPU
		{1145A760-F4C0-4986-A585-95E195CA8373}.Debug|Any CPU.ActiveCfg = Debug|Any CPU
		{1145A760-F4C0-4986-A585-95E195CA8373}.Debug|Any CPU.Build.0 = Debug|Any CPU
		{1145A760-F4C0-4986-A585-95E195CA8373}.Release|Any CPU.ActiveCfg = Release|Any CPU
		{1145A760-F4C0-4986-A585-95E195CA8373}.Release|Any CPU.Build.0 = Release|Any CPU
		{278BA207-446E-4CDE-8F2D-FFEFDE93AEEA}.Debug|Any CPU.ActiveCfg = Debug|Any CPU
		{278BA207-446E-4CDE-8F2D-FFEFDE93AEEA}.Debug|Any CPU.Build.0 = Debug|Any CPU
		{278BA207-446E-4CDE-8F2D-FFEFDE93AEEA}.Release|Any CPU.ActiveCfg = Release|Any CPU
		{278BA207-446E-4CDE-8F2D-FFEFDE93AEEA}.Release|Any CPU.Build.0 = Release|Any CPU
	EndGlobalSection
	GlobalSection(SolutionProperties) = preSolution
		HideSolutionNode = FALSE
	EndGlobalSection
EndGlobal
